
Microsoft Visual Studio Solution File, Format Version 12.00
# Visual Studio Version 17
VisualStudioVersion = 17.5.33516.290
MinimumVisualStudioVersion = 10.0.40219.1
Project("{FAE04EC0-301F-11D3-BF4B-00C04F79EFBC}") = "Identity", "Identity\Identity.csproj", "{0774E17E-1DCF-414E-BAF8-7C826D153542}"
EndProject
Global
	GlobalSection(SolutionConfigurationPlatforms) = preSolution
		Debug|Any CPU = Debug|Any CPU
		Release|Any CPU = Release|Any CPU
	EndGlobalSection
	GlobalSection(ProjectConfigurationPlatforms) = postSolution
		{0774E17E-1DCF-414E-BAF8-7C826D153542}.Debug|Any CPU.ActiveCfg = Debug|Any CPU
		{0774E17E-1DCF-414E-BAF8-7C826D153542}.Debug|Any CPU.Build.0 = Debug|Any CPU
		{0774E17E-1DCF-414E-BAF8-7C826D153542}.Release|Any CPU.ActiveCfg = Release|Any CPU
		{0774E17E-1DCF-414E-BAF8-7C826D153542}.Release|Any CPU.Build.0 = Release|Any CPU
	EndGlobalSection
	GlobalSection(SolutionProperties) = preSolution
		HideSolutionNode = FALSE
	EndGlobalSection
	GlobalSection(ExtensibilityGlobals) = postSolution
		SolutionGuid = {A6E3D8DF-990B-44F2-8548-2D389B81DEBB}
	EndGlobalSection
EndGlobal
